
Microsoft Visual Studio Solution File, Format Version 12.00
# Visual Studio Version 16
VisualStudioVersion = 16.0.30907.101
MinimumVisualStudioVersion = 10.0.40219.1
Project("{FAE04EC0-301F-11D3-BF4B-00C04F79EFBC}") = "SubscriptionProject", "SubscriptionProject\SubscriptionProject.csproj", "{158CB8A5-151C-48F5-9FAD-8EC909BD3EAF}"
EndProject
Global
	GlobalSection(SolutionConfigurationPlatforms) = preSolution
		Debug|Any CPU = Debug|Any CPU
		Release|Any CPU = Release|Any CPU
	EndGlobalSection
	GlobalSection(ProjectConfigurationPlatforms) = postSolution
		{158CB8A5-151C-48F5-9FAD-8EC909BD3EAF}.Debug|Any CPU.ActiveCfg = Debug|Any CPU
		{158CB8A5-151C-48F5-9FAD-8EC909BD3EAF}.Debug|Any CPU.Build.0 = Debug|Any CPU
		{158CB8A5-151C-48F5-9FAD-8EC909BD3EAF}.Release|Any CPU.ActiveCfg = Release|Any CPU
		{158CB8A5-151C-48F5-9FAD-8EC909BD3EAF}.Release|Any CPU.Build.0 = Release|Any CPU
	EndGlobalSection
	GlobalSection(SolutionProperties) = preSolution
		HideSolutionNode = FALSE
	EndGlobalSection
	GlobalSection(ExtensibilityGlobals) = postSolution
		SolutionGuid = {B7D0D5F4-4436-4E14-A003-C1785389202C}
	EndGlobalSection
EndGlobal
